
Microsoft Visual Studio Solution File, Format Version 12.00
# Visual Studio Version 16
VisualStudioVersion = 16.0.29926.136
MinimumVisualStudioVersion = 10.0.40219.1
Project("{FAE04EC0-301F-11D3-BF4B-00C04F79EFBC}") = "COVID19TRACK", "COVID19TRACK\COVID19TRACK.csproj", "{1029BACD-E3B4-415F-859C-CAB1099039D1}"
EndProject
Global
	GlobalSection(SolutionConfigurationPlatforms) = preSolution
		Debug|Any CPU = Debug|Any CPU
		Release|Any CPU = Release|Any CPU
	EndGlobalSection
	GlobalSection(ProjectConfigurationPlatforms) = postSolution
		{1029BACD-E3B4-415F-859C-CAB1099039D1}.Debug|Any CPU.ActiveCfg = Debug|Any CPU
		{1029BACD-E3B4-415F-859C-CAB1099039D1}.Debug|Any CPU.Build.0 = Debug|Any CPU
		{1029BACD-E3B4-415F-859C-CAB1099039D1}.Release|Any CPU.ActiveCfg = Release|Any CPU
		{1029BACD-E3B4-415F-859C-CAB1099039D1}.Release|Any CPU.Build.0 = Release|Any CPU
	EndGlobalSection
	GlobalSection(SolutionProperties) = preSolution
		HideSolutionNode = FALSE
	EndGlobalSection
	GlobalSection(ExtensibilityGlobals) = postSolution
		SolutionGuid = {8C800CC7-2E16-4FD2-80E0-1F77C801BA1B}
	EndGlobalSection
EndGlobal
